
Microsoft Visual Studio Solution File, Format Version 12.00
# Visual Studio 15
VisualStudioVersion = 15.0.27004.2010
MinimumVisualStudioVersion = 10.0.40219.1
Project("{8BC9CEB8-8B4A-11D0-8D11-00A0C91BC942}") = "Connectome", "Connectome\Connectome.vcxproj", "{49FEF0A4-B032-4261-8003-C13B6455F194}"
EndProject
Project("{8BC9CEB8-8B4A-11D0-8D11-00A0C91BC942}") = "TestConsole", "TestConsole\TestConsole.vcxproj", "{D3C2E4A8-8F82-4A6B-AD8C-2E88B5548D8C}"
EndProject
Global
	GlobalSection(SolutionConfigurationPlatforms) = preSolution
		Debug|x64 = Debug|x64
		Debug|x86 = Debug|x86
		Release|x64 = Release|x64
		Release|x86 = Release|x86
	EndGlobalSection
	GlobalSection(ProjectConfigurationPlatforms) = postSolution
		{49FEF0A4-B032-4261-8003-C13B6455F194}.Debug|x64.ActiveCfg = Debug|x64
		{49FEF0A4-B032-4261-8003-C13B6455F194}.Debug|x64.Build.0 = Debug|x64
		{49FEF0A4-B032-4261-8003-C13B6455F194}.Debug|x86.ActiveCfg = Debug|Win32
		{49FEF0A4-B032-4261-8003-C13B6455F194}.Debug|x86.Build.0 = Debug|Win32
		{49FEF0A4-B032-4261-8003-C13B6455F194}.Release|x64.ActiveCfg = Release|x64
		{49FEF0A4-B032-4261-8003-C13B6455F194}.Release|x64.Build.0 = Release|x64
		{49FEF0A4-B032-4261-8003-C13B6455F194}.Release|x86.ActiveCfg = Release|Win32
		{49FEF0A4-B032-4261-8003-C13B6455F194}.Release|x86.Build.0 = Release|Win32
		{D3C2E4A8-8F82-4A6B-AD8C-2E88B5548D8C}.Debug|x64.ActiveCfg = Debug|x64
		{D3C2E4A8-8F82-4A6B-AD8C-2E88B5548D8C}.Debug|x64.Build.0 = Debug|x64
		{D3C2E4A8-8F82-4A6B-AD8C-2E88B5548D8C}.Debug|x86.ActiveCfg = Debug|Win32
		{D3C2E4A8-8F82-4A6B-AD8C-2E88B5548D8C}.Debug|x86.Build.0 = Debug|Win32
		{D3C2E4A8-8F82-4A6B-AD8C-2E88B5548D8C}.Release|x64.ActiveCfg = Release|x64
		{D3C2E4A8-8F82-4A6B-AD8C-2E88B5548D8C}.Release|x64.Build.0 = Release|x64
		{D3C2E4A8-8F82-4A6B-AD8C-2E88B5548D8C}.Release|x86.ActiveCfg = Release|Win32
		{D3C2E4A8-8F82-4A6B-AD8C-2E88B5548D8C}.Release|x86.Build.0 = Release|Win32
	EndGlobalSection
	GlobalSection(SolutionProperties) = preSolution
		HideSolutionNode = FALSE
	EndGlobalSection
	GlobalSection(ExtensibilityGlobals) = postSolution
		SolutionGuid = {EEB5CD88-4598-4E8D-8595-CFB36A455385}
	EndGlobalSection
EndGlobal
